
Microsoft Visual Studio Solution File, Format Version 12.00
# Visual Studio Version 17
VisualStudioVersion = 17.2.32616.157
MinimumVisualStudioVersion = 10.0.40219.1
Project("{8BC9CEB8-8B4A-11D0-8D11-00A0C91BC942}") = "memortlenghtofvariables", "memortlenghtofvariables\memortlenghtofvariables.vcxproj", "{713155C4-4560-49F2-A36A-F78E162EDADF}"
EndProject
Project("{8BC9CEB8-8B4A-11D0-8D11-00A0C91BC942}") = "sayiyazma", "sayiyazma\sayiyazma.vcxproj", "{CCCBEB64-8C74-4A6E-8EB8-0EF844A3027C}"
EndProject
Project("{8BC9CEB8-8B4A-11D0-8D11-00A0C91BC942}") = "karaktervs", "karaktervs\karaktervs.vcxproj", "{2DBDE3A8-E447-4A65-9A96-2D3B71BC0205}"
EndProject
Project("{8BC9CEB8-8B4A-11D0-8D11-00A0C91BC942}") = "asalsayi", "asalsayi\asalsayi.vcxproj", "{27370933-47B3-465A-9A27-D8A7ABA6ECC8}"
EndProject
Project("{8BC9CEB8-8B4A-11D0-8D11-00A0C91BC942}") = "faktoriyel", "faktoriyel\faktoriyel.vcxproj", "{E6694E8F-AD33-4A9C-A320-3C015ADBD03C}"
EndProject
Project("{8BC9CEB8-8B4A-11D0-8D11-00A0C91BC942}") = "tekcift", "tekcift\tekcift.vcxproj", "{FE82317E-8A18-4392-AE84-1456140D0B29}"
EndProject
Project("{8BC9CEB8-8B4A-11D0-8D11-00A0C91BC942}") = "sifre", "sifre\sifre.vcxproj", "{B5381C7F-F6A2-4F84-B559-7B9007F12C7B}"
EndProject
Project("{8BC9CEB8-8B4A-11D0-8D11-00A0C91BC942}") = "carpanlar", "carpanlar\carpanlar.vcxproj", "{A381CA42-7C0C-4186-A5D5-8A4FEBBE98D4}"
EndProject
Project("{8BC9CEB8-8B4A-11D0-8D11-00A0C91BC942}") = "fibonacci", "fibonacci\fibonacci.vcxproj", "{02924C70-0E17-4DE3-9525-B67A7889B840}"
EndProject
Project("{8BC9CEB8-8B4A-11D0-8D11-00A0C91BC942}") = "capimtablosu", "capimtablosu\capimtablosu.vcxproj", "{507EECCC-3FAF-48F0-BCB4-EC1CCDCCACFA}"
EndProject
Project("{8BC9CEB8-8B4A-11D0-8D11-00A0C91BC942}") = "donguler", "donguler\donguler.vcxproj", "{AF855E26-526D-40FF-B856-7345067C68E4}"
EndProject
Project("{8BC9CEB8-8B4A-11D0-8D11-00A0C91BC942}") = "hesapmakinesi", "hesapmakinesi\hesapmakinesi.vcxproj", "{399D9880-E845-4CD8-B936-C919195B4AFC}"
EndProject
Global
	GlobalSection(SolutionConfigurationPlatforms) = preSolution
		Debug|x64 = Debug|x64
		Debug|x86 = Debug|x86
		Release|x64 = Release|x64
		Release|x86 = Release|x86
	EndGlobalSection
	GlobalSection(ProjectConfigurationPlatforms) = postSolution
		{713155C4-4560-49F2-A36A-F78E162EDADF}.Debug|x64.ActiveCfg = Debug|x64
		{713155C4-4560-49F2-A36A-F78E162EDADF}.Debug|x64.Build.0 = Debug|x64
		{713155C4-4560-49F2-A36A-F78E162EDADF}.Debug|x86.ActiveCfg = Debug|Win32
		{713155C4-4560-49F2-A36A-F78E162EDADF}.Debug|x86.Build.0 = Debug|Win32
		{713155C4-4560-49F2-A36A-F78E162EDADF}.Release|x64.ActiveCfg = Release|x64
		{713155C4-4560-49F2-A36A-F78E162EDADF}.Release|x64.Build.0 = Release|x64
		{713155C4-4560-49F2-A36A-F78E162EDADF}.Release|x86.ActiveCfg = Release|Win32
		{713155C4-4560-49F2-A36A-F78E162EDADF}.Release|x86.Build.0 = Release|Win32
		{CCCBEB64-8C74-4A6E-8EB8-0EF844A3027C}.Debug|x64.ActiveCfg = Debug|x64
		{CCCBEB64-8C74-4A6E-8EB8-0EF844A3027C}.Debug|x64.Build.0 = Debug|x64
		{CCCBEB64-8C74-4A6E-8EB8-0EF844A3027C}.Debug|x86.ActiveCfg = Debug|Win32
		{CCCBEB64-8C74-4A6E-8EB8-0EF844A3027C}.Debug|x86.Build.0 = Debug|Win32
		{CCCBEB64-8C74-4A6E-8EB8-0EF844A3027C}.Release|x64.ActiveCfg = Release|x64
		{CCCBEB64-8C74-4A6E-8EB8-0EF844A3027C}.Release|x64.Build.0 = Release|x64
		{CCCBEB64-8C74-4A6E-8EB8-0EF844A3027C}.Release|x86.ActiveCfg = Release|Win32
		{CCCBEB64-8C74-4A6E-8EB8-0EF844A3027C}.Release|x86.Build.0 = Release|Win32
		{2DBDE3A8-E447-4A65-9A96-2D3B71BC0205}.Debug|x64.ActiveCfg = Debug|x64
		{2DBDE3A8-E447-4A65-9A96-2D3B71BC0205}.Debug|x64.Build.0 = Debug|x64
		{2DBDE3A8-E447-4A65-9A96-2D3B71BC0205}.Debug|x86.ActiveCfg = Debug|Win32
		{2DBDE3A8-E447-4A65-9A96-2D3B71BC0205}.Debug|x86.Build.0 = Debug|Win32
		{2DBDE3A8-E447-4A65-9A96-2D3B71BC0205}.Release|x64.ActiveCfg = Release|x64
		{2DBDE3A8-E447-4A65-9A96-2D3B71BC0205}.Release|x64.Build.0 = Release|x64
		{2DBDE3A8-E447-4A65-9A96-2D3B71BC0205}.Release|x86.ActiveCfg = Release|Win32
		{2DBDE3A8-E447-4A65-9A96-2D3B71BC0205}.Release|x86.Build.0 = Release|Win32
		{27370933-47B3-465A-9A27-D8A7ABA6ECC8}.Debug|x64.ActiveCfg = Debug|x64
		{27370933-47B3-465A-9A27-D8A7ABA6ECC8}.Debug|x64.Build.0 = Debug|x64
		{27370933-47B3-465A-9A27-D8A7ABA6ECC8}.Debug|x86.ActiveCfg = Debug|Win32
		{27370933-47B3-465A-9A27-D8A7ABA6ECC8}.Debug|x86.Build.0 = Debug|Win32
		{27370933-47B3-465A-9A27-D8A7ABA6ECC8}.Release|x64.ActiveCfg = Release|x64
		{27370933-47B3-465A-9A27-D8A7ABA6ECC8}.Release|x64.Build.0 = Release|x64
		{27370933-47B3-465A-9A27-D8A7ABA6ECC8}.Release|x86.ActiveCfg = Release|Win32
		{27370933-47B3-465A-9A27-D8A7ABA6ECC8}.Release|x86.Build.0 = Release|Win32
		{E6694E8F-AD33-4A9C-A320-3C015ADBD03C}.Debug|x64.ActiveCfg = Debug|x64
		{E6694E8F-AD33-4A9C-A320-3C015ADBD03C}.Debug|x64.Build.0 = Debug|x64
		{E6694E8F-AD33-4A9C-A320-3C015ADBD03C}.Debug|x86.ActiveCfg = Debug|Win32
		{E6694E8F-AD33-4A9C-A320-3C015ADBD03C}.Debug|x86.Build.0 = Debug|Win32
		{E6694E8F-AD33-4A9C-A320-3C015ADBD03C}.Release|x64.ActiveCfg = Release|x64
		{E6694E8F-AD33-4A9C-A320-3C015ADBD03C}.Release|x64.Build.0 = Release|x64
		{E6694E8F-AD33-4A9C-A320-3C015ADBD03C}.Release|x86.ActiveCfg = Release|Win32
		{E6694E8F-AD33-4A9C-A320-3C015ADBD03C}.Release|x86.Build.0 = Release|Win32
		{FE82317E-8A18-4392-AE84-1456140D0B29}.Debug|x64.ActiveCfg = Debug|x64
		{FE82317E-8A18-4392-AE84-1456140D0B29}.Debug|x64.Build.0 = Debug|x64
		{FE82317E-8A18-4392-AE84-1456140D0B29}.Debug|x86.ActiveCfg = Debug|Win32
		{FE82317E-8A18-4392-AE84-1456140D0B29}.Debug|x86.Build.0 = Debug|Win32
		{FE82317E-8A18-4392-AE84-1456140D0B29}.Release|x64.ActiveCfg = Release|x64
		{FE82317E-8A18-4392-AE84-1456140D0B29}.Release|x64.Build.0 = Release|x64
		{FE82317E-8A18-4392-AE84-1456140D0B29}.Release|x86.ActiveCfg = Release|Win32
		{FE82317E-8A18-4392-AE84-1456140D0B29}.Release|x86.Build.0 = Release|Win32
		{B5381C7F-F6A2-4F84-B559-7B9007F12C7B}.Debug|x64.ActiveCfg = Debug|x64
		{B5381C7F-F6A2-4F84-B559-7B9007F12C7B}.Debug|x64.Build.0 = Debug|x64
		{B5381C7F-F6A2-4F84-B559-7B9007F12C7B}.Debug|x86.ActiveCfg = Debug|Win32
		{B5381C7F-F6A2-4F84-B559-7B9007F12C7B}.Debug|x86.Build.0 = Debug|Win32
		{B5381C7F-F6A2-4F84-B559-7B9007F12C7B}.Release|x64.ActiveCfg = Release|x64
		{B5381C7F-F6A2-4F84-B559-7B9007F12C7B}.Release|x64.Build.0 = Release|x64
		{B5381C7F-F6A2-4F84-B559-7B9007F12C7B}.Release|x86.ActiveCfg = Release|Win32
		{B5381C7F-F6A2-4F84-B559-7B9007F12C7B}.Release|x86.Build.0 = Release|Win32
		{A381CA42-7C0C-4186-A5D5-8A4FEBBE98D4}.Debug|x64.ActiveCfg = Debug|x64
		{A381CA42-7C0C-4186-A5D5-8A4FEBBE98D4}.Debug|x64.Build.0 = Debug|x64
		{A381CA42-7C0C-4186-A5D5-8A4FEBBE98D4}.Debug|x86.ActiveCfg = Debug|Win32
		{A381CA42-7C0C-4186-A5D5-8A4FEBBE98D4}.Debug|x86.Build.0 = Debug|Win32
		{A381CA42-7C0C-4186-A5D5-8A4FEBBE98D4}.Release|x64.ActiveCfg = Release|x64
		{A381CA42-7C0C-4186-A5D5-8A4FEBBE98D4}.Release|x64.Build.0 = Release|x64
		{A381CA42-7C0C-4186-A5D5-8A4FEBBE98D4}.Release|x86.ActiveCfg = Release|Win32
		{A381CA42-7C0C-4186-A5D5-8A4FEBBE98D4}.Release|x86.Build.0 = Release|Win32
		{02924C70-0E17-4DE3-9525-B67A7889B840}.Debug|x64.ActiveCfg = Debug|x64
		{02924C70-0E17-4DE3-9525-B67A7889B840}.Debug|x64.Build.0 = Debug|x64
		{02924C70-0E17-4DE3-9525-B67A7889B840}.Debug|x86.ActiveCfg = Debug|Win32
		{02924C70-0E17-4DE3-9525-B67A7889B840}.Debug|x86.Build.0 = Debug|Win32
		{02924C70-0E17-4DE3-9525-B67A7889B840}.Release|x64.ActiveCfg = Release|x64
		{02924C70-0E17-4DE3-9525-B67A7889B840}.Release|x64.Build.0 = Release|x64
		{02924C70-0E17-4DE3-9525-B67A7889B840}.Release|x86.ActiveCfg = Release|Win32
		{02924C70-0E17-4DE3-9525-B67A7889B840}.Release|x86.Build.0 = Release|Win32
		{507EECCC-3FAF-48F0-BCB4-EC1CCDCCACFA}.Debug|x64.ActiveCfg = Debug|x64
		{507EECCC-3FAF-48F0-BCB4-EC1CCDCCACFA}.Debug|x64.Build.0 = Debug|x64
		{507EECCC-3FAF-48F0-BCB4-EC1CCDCCACFA}.Debug|x86.ActiveCfg = Debug|Win32
		{507EECCC-3FAF-48F0-BCB4-EC1CCDCCACFA}.Debug|x86.Build.0 = Debug|Win32
		{507EECCC-3FAF-48F0-BCB4-EC1CCDCCACFA}.Release|x64.ActiveCfg = Release|x64
		{507EECCC-3FAF-48F0-BCB4-EC1CCDCCACFA}.Release|x64.Build.0 = Release|x64
		{507EECCC-3FAF-48F0-BCB4-EC1CCDCCACFA}.Release|x86.ActiveCfg = Release|Win32
		{507EECCC-3FAF-48F0-BCB4-EC1CCDCCACFA}.Release|x86.Build.0 = Release|Win32
		{AF855E26-526D-40FF-B856-7345067C68E4}.Debug|x64.ActiveCfg = Debug|x64
		{AF855E26-526D-40FF-B856-7345067C68E4}.Debug|x64.Build.0 = Debug|x64
		{AF855E26-526D-40FF-B856-7345067C68E4}.Debug|x86.ActiveCfg = Debug|Win32
		{AF855E26-526D-40FF-B856-7345067C68E4}.Debug|x86.Build.0 = Debug|Win32
		{AF855E26-526D-40FF-B856-7345067C68E4}.Release|x64.ActiveCfg = Release|x64
		{AF855E26-526D-40FF-B856-7345067C68E4}.Release|x64.Build.0 = Release|x64
		{AF855E26-526D-40FF-B856-7345067C68E4}.Release|x86.ActiveCfg = Release|Win32
		{AF855E26-526D-40FF-B856-7345067C68E4}.Release|x86.Build.0 = Release|Win32
		{399D9880-E845-4CD8-B936-C919195B4AFC}.Debug|x64.ActiveCfg = Debug|x64
		{399D9880-E845-4CD8-B936-C919195B4AFC}.Debug|x64.Build.0 = Debug|x64
		{399D9880-E845-4CD8-B936-C919195B4AFC}.Debug|x86.ActiveCfg = Debug|Win32
		{399D9880-E845-4CD8-B936-C919195B4AFC}.Debug|x86.Build.0 = Debug|Win32
		{399D9880-E845-4CD8-B936-C919195B4AFC}.Release|x64.ActiveCfg = Release|x64
		{399D9880-E845-4CD8-B936-C919195B4AFC}.Release|x64.Build.0 = Release|x64
		{399D9880-E845-4CD8-B936-C919195B4AFC}.Release|x86.ActiveCfg = Release|Win32
		{399D9880-E845-4CD8-B936-C919195B4AFC}.Release|x86.Build.0 = Release|Win32
	EndGlobalSection
	GlobalSection(SolutionProperties) = preSolution
		HideSolutionNode = FALSE
	EndGlobalSection
	GlobalSection(ExtensibilityGlobals) = postSolution
		SolutionGuid = {804635B1-29EE-45B5-9B34-5B279F1E95F3}
	EndGlobalSection
EndGlobal
